// !$*UTF8*$!
{
	archiveVersion = 1;
	classes = {
	};
	objectVersion = 56;
	objects = {

/* Begin PBXBuildFile section */
		FA475F5529A4C9A500D53719 /* AppDelegate.swift in Sources */ = {isa = PBXBuildFile; fileRef = FA475F5429A4C9A500D53719 /* AppDelegate.swift */; };
		FA475F5729A4C9A500D53719 /* SceneDelegate.swift in Sources */ = {isa = PBXBuildFile; fileRef = FA475F5629A4C9A500D53719 /* SceneDelegate.swift */; };
		FA475F5929A4C9A500D53719 /* MainViewController.swift in Sources */ = {isa = PBXBuildFile; fileRef = FA475F5829A4C9A500D53719 /* MainViewController.swift */; };
		FA475F5E29A4C9A700D53719 /* Assets.xcassets in Resources */ = {isa = PBXBuildFile; fileRef = FA475F5D29A4C9A700D53719 /* Assets.xcassets */; };
		FA475F6129A4C9A700D53719 /* LaunchScreen.storyboard in Resources */ = {isa = PBXBuildFile; fileRef = FA475F5F29A4C9A700D53719 /* LaunchScreen.storyboard */; };
		FA475F6929A4CC0400D53719 /* MainViewModel.swift in Sources */ = {isa = PBXBuildFile; fileRef = FA475F6829A4CC0400D53719 /* MainViewModel.swift */; };
		FA475F6E29A4CC6600D53719 /* MainView.swift in Sources */ = {isa = PBXBuildFile; fileRef = FA475F6D29A4CC6600D53719 /* MainView.swift */; };
		FA475F7029A4CDB400D53719 /* MainCell.swift in Sources */ = {isa = PBXBuildFile; fileRef = FA475F6F29A4CDB400D53719 /* MainCell.swift */; };
		FA475F7429A4CE8F00D53719 /* MainCellModel.swift in Sources */ = {isa = PBXBuildFile; fileRef = FA475F7329A4CE8F00D53719 /* MainCellModel.swift */; };
		FA475F7729A4D29500D53719 /* NetworkSevice.swift in Sources */ = {isa = PBXBuildFile; fileRef = FA475F7629A4D29500D53719 /* NetworkSevice.swift */; };
		FA475F7929A4D2BA00D53719 /* PhotoService.swift in Sources */ = {isa = PBXBuildFile; fileRef = FA475F7829A4D2BA00D53719 /* PhotoService.swift */; };
		FA475F7B29A4D2D400D53719 /* DateFormatter.swift in Sources */ = {isa = PBXBuildFile; fileRef = FA475F7A29A4D2D400D53719 /* DateFormatter.swift */; };
		FA475F7E29A4D2E800D53719 /* Gist.swift in Sources */ = {isa = PBXBuildFile; fileRef = FA475F7D29A4D2E800D53719 /* Gist.swift */; };
		FA475F8029A4D33400D53719 /* GistCommits.swift in Sources */ = {isa = PBXBuildFile; fileRef = FA475F7F29A4D33400D53719 /* GistCommits.swift */; };
		FA475F8329A4D40400D53719 /* Observable.swift in Sources */ = {isa = PBXBuildFile; fileRef = FA475F8229A4D40400D53719 /* Observable.swift */; };
		FA475F8B29A4D58100D53719 /* DetailsGistViewController.swift in Sources */ = {isa = PBXBuildFile; fileRef = FA475F8929A4D58100D53719 /* DetailsGistViewController.swift */; };
		FA475F9229A4D7B200D53719 /* DetailViewCell.xib in Resources */ = {isa = PBXBuildFile; fileRef = FA475F9029A4D7B100D53719 /* DetailViewCell.xib */; };
		FA475F9329A4D7B200D53719 /* DetailViewCell.swift in Sources */ = {isa = PBXBuildFile; fileRef = FA475F9129A4D7B100D53719 /* DetailViewCell.swift */; };
		FA475F9529A4D7D600D53719 /* DetailViewModel.swift in Sources */ = {isa = PBXBuildFile; fileRef = FA475F9429A4D7D600D53719 /* DetailViewModel.swift */; };
		FA475F9729A4D7EF00D53719 /* DetailGistCellModel.swift in Sources */ = {isa = PBXBuildFile; fileRef = FA475F9629A4D7EF00D53719 /* DetailGistCellModel.swift */; };
		FA475F9929A4D8BB00D53719 /* DetailsGistViewController.xib in Resources */ = {isa = PBXBuildFile; fileRef = FA475F9829A4D8BB00D53719 /* DetailsGistViewController.xib */; };
/* End PBXBuildFile section */

/* Begin PBXFileReference section */
		FA475F5129A4C9A500D53719 /* SoftWeatherTest.app */ = {isa = PBXFileReference; explicitFileType = wrapper.application; includeInIndex = 0; path = SoftWeatherTest.app; sourceTree = BUILT_PRODUCTS_DIR; };
		FA475F5429A4C9A500D53719 /* AppDelegate.swift */ = {isa = PBXFileReference; lastKnownFileType = sourcecode.swift; path = AppDelegate.swift; sourceTree = "<group>"; };
		FA475F5629A4C9A500D53719 /* SceneDelegate.swift */ = {isa = PBXFileReference; lastKnownFileType = sourcecode.swift; path = SceneDelegate.swift; sourceTree = "<group>"; };
		FA475F5829A4C9A500D53719 /* MainViewController.swift */ = {isa = PBXFileReference; lastKnownFileType = sourcecode.swift; path = MainViewController.swift; sourceTree = "<group>"; };
		FA475F5D29A4C9A700D53719 /* Assets.xcassets */ = {isa = PBXFileReference; lastKnownFileType = folder.assetcatalog; path = Assets.xcassets; sourceTree = "<group>"; };
		FA475F6029A4C9A700D53719 /* Base */ = {isa = PBXFileReference; lastKnownFileType = file.storyboard; name = Base; path = Base.lproj/LaunchScreen.storyboard; sourceTree = "<group>"; };
		FA475F6229A4C9A700D53719 /* Info.plist */ = {isa = PBXFileReference; lastKnownFileType = text.plist.xml; path = Info.plist; sourceTree = "<group>"; };
		FA475F6829A4CC0400D53719 /* MainViewModel.swift */ = {isa = PBXFileReference; lastKnownFileType = sourcecode.swift; path = MainViewModel.swift; sourceTree = "<group>"; };
		FA475F6D29A4CC6600D53719 /* MainView.swift */ = {isa = PBXFileReference; lastKnownFileType = sourcecode.swift; path = MainView.swift; sourceTree = "<group>"; };
		FA475F6F29A4CDB400D53719 /* MainCell.swift */ = {isa = PBXFileReference; lastKnownFileType = sourcecode.swift; path = MainCell.swift; sourceTree = "<group>"; };
		FA475F7329A4CE8F00D53719 /* MainCellModel.swift */ = {isa = PBXFileReference; lastKnownFileType = sourcecode.swift; path = MainCellModel.swift; sourceTree = "<group>"; };
		FA475F7629A4D29500D53719 /* NetworkSevice.swift */ = {isa = PBXFileReference; lastKnownFileType = sourcecode.swift; path = NetworkSevice.swift; sourceTree = "<group>"; };
		FA475F7829A4D2BA00D53719 /* PhotoService.swift */ = {isa = PBXFileReference; lastKnownFileType = sourcecode.swift; path = PhotoService.swift; sourceTree = "<group>"; };
		FA475F7A29A4D2D400D53719 /* DateFormatter.swift */ = {isa = PBXFileReference; lastKnownFileType = sourcecode.swift; path = DateFormatter.swift; sourceTree = "<group>"; };
		FA475F7D29A4D2E800D53719 /* Gist.swift */ = {isa = PBXFileReference; lastKnownFileType = sourcecode.swift; path = Gist.swift; sourceTree = "<group>"; };
		FA475F7F29A4D33400D53719 /* GistCommits.swift */ = {isa = PBXFileReference; lastKnownFileType = sourcecode.swift; path = GistCommits.swift; sourceTree = "<group>"; };
		FA475F8229A4D40400D53719 /* Observable.swift */ = {isa = PBXFileReference; lastKnownFileType = sourcecode.swift; path = Observable.swift; sourceTree = "<group>"; };
		FA475F8929A4D58100D53719 /* DetailsGistViewController.swift */ = {isa = PBXFileReference; lastKnownFileType = sourcecode.swift; path = DetailsGistViewController.swift; sourceTree = "<group>"; };
		FA475F9029A4D7B100D53719 /* DetailViewCell.xib */ = {isa = PBXFileReference; fileEncoding = 4; lastKnownFileType = file.xib; path = DetailViewCell.xib; sourceTree = "<group>"; };
		FA475F9129A4D7B100D53719 /* DetailViewCell.swift */ = {isa = PBXFileReference; fileEncoding = 4; lastKnownFileType = sourcecode.swift; path = DetailViewCell.swift; sourceTree = "<group>"; };
		FA475F9429A4D7D600D53719 /* DetailViewModel.swift */ = {isa = PBXFileReference; fileEncoding = 4; lastKnownFileType = sourcecode.swift; path = DetailViewModel.swift; sourceTree = "<group>"; };
		FA475F9629A4D7EF00D53719 /* DetailGistCellModel.swift */ = {isa = PBXFileReference; fileEncoding = 4; lastKnownFileType = sourcecode.swift; path = DetailGistCellModel.swift; sourceTree = "<group>"; };
		FA475F9829A4D8BB00D53719 /* DetailsGistViewController.xib */ = {isa = PBXFileReference; fileEncoding = 4; lastKnownFileType = file.xib; path = DetailsGistViewController.xib; sourceTree = "<group>"; };
/* End PBXFileReference section */

/* Begin PBXFrameworksBuildPhase section */
		FA475F4E29A4C9A500D53719 /* Frameworks */ = {
			isa = PBXFrameworksBuildPhase;
			buildActionMask = 2147483647;
			files = (
			);
			runOnlyForDeploymentPostprocessing = 0;
		};
/* End PBXFrameworksBuildPhase section */

/* Begin PBXGroup section */
		FA475F4829A4C9A500D53719 = {
			isa = PBXGroup;
			children = (
				FA475F5329A4C9A500D53719 /* SoftWeatherTest */,
				FA475F5229A4C9A500D53719 /* Products */,
			);
			sourceTree = "<group>";
		};
		FA475F5229A4C9A500D53719 /* Products */ = {
			isa = PBXGroup;
			children = (
				FA475F5129A4C9A500D53719 /* SoftWeatherTest.app */,
			);
			name = Products;
			sourceTree = "<group>";
		};
		FA475F5329A4C9A500D53719 /* SoftWeatherTest */ = {
			isa = PBXGroup;
			children = (
				FA475F5429A4C9A500D53719 /* AppDelegate.swift */,
				FA475F5629A4C9A500D53719 /* SceneDelegate.swift */,
				FA475F6A29A4CC0A00D53719 /* Screens */,
				FA475F7129A4CE1C00D53719 /* Models */,
				FA475F7529A4D27B00D53719 /* Service */,
				FA475F8129A4D3F200D53719 /* Helpers */,
				FA475F5D29A4C9A700D53719 /* Assets.xcassets */,
				FA475F5F29A4C9A700D53719 /* LaunchScreen.storyboard */,
				FA475F6229A4C9A700D53719 /* Info.plist */,
			);
			path = SoftWeatherTest;
			sourceTree = "<group>";
		};
		FA475F6A29A4CC0A00D53719 /* Screens */ = {
			isa = PBXGroup;
			children = (
				FA475F6B29A4CC1200D53719 /* Main */,
				FA475F8429A4D52100D53719 /* Detail */,
			);
			path = Screens;
			sourceTree = "<group>";
		};
		FA475F6B29A4CC1200D53719 /* Main */ = {
			isa = PBXGroup;
			children = (
				FA475F5829A4C9A500D53719 /* MainViewController.swift */,
				FA475F6829A4CC0400D53719 /* MainViewModel.swift */,
				FA475F6C29A4CC4F00D53719 /* Views */,
			);
			path = Main;
			sourceTree = "<group>";
		};
		FA475F6C29A4CC4F00D53719 /* Views */ = {
			isa = PBXGroup;
			children = (
				FA475F6D29A4CC6600D53719 /* MainView.swift */,
				FA475F6F29A4CDB400D53719 /* MainCell.swift */,
			);
			path = Views;
			sourceTree = "<group>";
		};
		FA475F7129A4CE1C00D53719 /* Models */ = {
			isa = PBXGroup;
			children = (
				FA475F7C29A4D2E000D53719 /* Responses */,
				FA475F7229A4CE7F00D53719 /* CellModels */,
			);
			path = Models;
			sourceTree = "<group>";
		};
		FA475F7229A4CE7F00D53719 /* CellModels */ = {
			isa = PBXGroup;
			children = (
				FA475F7329A4CE8F00D53719 /* MainCellModel.swift */,
				FA475F9629A4D7EF00D53719 /* DetailGistCellModel.swift */,
			);
			path = CellModels;
			sourceTree = "<group>";
		};
		FA475F7529A4D27B00D53719 /* Service */ = {
			isa = PBXGroup;
			children = (
				FA475F7629A4D29500D53719 /* NetworkSevice.swift */,
				FA475F7829A4D2BA00D53719 /* PhotoService.swift */,
				FA475F7A29A4D2D400D53719 /* DateFormatter.swift */,
			);
			path = Service;
			sourceTree = "<group>";
		};
		FA475F7C29A4D2E000D53719 /* Responses */ = {
			isa = PBXGroup;
			children = (
				FA475F7D29A4D2E800D53719 /* Gist.swift */,
				FA475F7F29A4D33400D53719 /* GistCommits.swift */,
			);
			path = Responses;
			sourceTree = "<group>";
		};
		FA475F8129A4D3F200D53719 /* Helpers */ = {
			isa = PBXGroup;
			children = (
				FA475F8229A4D40400D53719 /* Observable.swift */,
			);
			path = Helpers;
			sourceTree = "<group>";
		};
		FA475F8429A4D52100D53719 /* Detail */ = {
			isa = PBXGroup;
			children = (
				FA475F8929A4D58100D53719 /* DetailsGistViewController.swift */,
				FA475F9829A4D8BB00D53719 /* DetailsGistViewController.xib */,
				FA475F9429A4D7D600D53719 /* DetailViewModel.swift */,
				FA475F8F29A4D7A700D53719 /* Views */,
			);
			path = Detail;
			sourceTree = "<group>";
		};
		FA475F8F29A4D7A700D53719 /* Views */ = {
			isa = PBXGroup;
			children = (
				FA475F9129A4D7B100D53719 /* DetailViewCell.swift */,
				FA475F9029A4D7B100D53719 /* DetailViewCell.xib */,
			);
			path = Views;
			sourceTree = "<group>";
		};
/* End PBXGroup section */

/* Begin PBXNativeTarget section */
		FA475F5029A4C9A500D53719 /* SoftWeatherTest */ = {
			isa = PBXNativeTarget;
			buildConfigurationList = FA475F6529A4C9A700D53719 /* Build configuration list for PBXNativeTarget "SoftWeatherTest" */;
			buildPhases = (
				FA475F4D29A4C9A500D53719 /* Sources */,
				FA475F4E29A4C9A500D53719 /* Frameworks */,
				FA475F4F29A4C9A500D53719 /* Resources */,
			);
			buildRules = (
			);
			dependencies = (
			);
			name = SoftWeatherTest;
			productName = SoftWeatherTest;
			productReference = FA475F5129A4C9A500D53719 /* SoftWeatherTest.app */;
			productType = "com.apple.product-type.application";
		};
/* End PBXNativeTarget section */

/* Begin PBXProject section */
		FA475F4929A4C9A500D53719 /* Project object */ = {
			isa = PBXProject;
			attributes = {
				BuildIndependentTargetsInParallel = 1;
				LastSwiftUpdateCheck = 1420;
				LastUpgradeCheck = 1420;
				TargetAttributes = {
					FA475F5029A4C9A500D53719 = {
						CreatedOnToolsVersion = 14.2;
					};
				};
			};
			buildConfigurationList = FA475F4C29A4C9A500D53719 /* Build configuration list for PBXProject "SoftWeatherTest" */;
			compatibilityVersion = "Xcode 14.0";
			developmentRegion = en;
			hasScannedForEncodings = 0;
			knownRegions = (
				en,
				Base,
			);
			mainGroup = FA475F4829A4C9A500D53719;
			productRefGroup = FA475F5229A4C9A500D53719 /* Products */;
			projectDirPath = "";
			projectRoot = "";
			targets = (
				FA475F5029A4C9A500D53719 /* SoftWeatherTest */,
			);
		};
/* End PBXProject section */

/* Begin PBXResourcesBuildPhase section */
		FA475F4F29A4C9A500D53719 /* Resources */ = {
			isa = PBXResourcesBuildPhase;
			buildActionMask = 2147483647;
			files = (
				FA475F6129A4C9A700D53719 /* LaunchScreen.storyboard in Resources */,
				FA475F9229A4D7B200D53719 /* DetailViewCell.xib in Resources */,
				FA475F9929A4D8BB00D53719 /* DetailsGistViewController.xib in Resources */,
				FA475F5E29A4C9A700D53719 /* Assets.xcassets in Resources */,
			);
			runOnlyForDeploymentPostprocessing = 0;
		};
/* End PBXResourcesBuildPhase section */

/* Begin PBXSourcesBuildPhase section */
		FA475F4D29A4C9A500D53719 /* Sources */ = {
			isa = PBXSourcesBuildPhase;
			buildActionMask = 2147483647;
			files = (
				FA475F8329A4D40400D53719 /* Observable.swift in Sources */,
				FA475F7429A4CE8F00D53719 /* MainCellModel.swift in Sources */,
				FA475F8B29A4D58100D53719 /* DetailsGistViewController.swift in Sources */,
				FA475F5929A4C9A500D53719 /* MainViewController.swift in Sources */,
				FA475F7E29A4D2E800D53719 /* Gist.swift in Sources */,
				FA475F8029A4D33400D53719 /* GistCommits.swift in Sources */,
				FA475F7929A4D2BA00D53719 /* PhotoService.swift in Sources */,
				FA475F5529A4C9A500D53719 /* AppDelegate.swift in Sources */,
				FA475F7B29A4D2D400D53719 /* DateFormatter.swift in Sources */,
				FA475F7029A4CDB400D53719 /* MainCell.swift in Sources */,
				FA475F5729A4C9A500D53719 /* SceneDelegate.swift in Sources */,
				FA475F6E29A4CC6600D53719 /* MainView.swift in Sources */,
				FA475F9729A4D7EF00D53719 /* DetailGistCellModel.swift in Sources */,
				FA475F9329A4D7B200D53719 /* DetailViewCell.swift in Sources */,
				FA475F6929A4CC0400D53719 /* MainViewModel.swift in Sources */,
				FA475F7729A4D29500D53719 /* NetworkSevice.swift in Sources */,
				FA475F9529A4D7D600D53719 /* DetailViewModel.swift in Sources */,
			);
			runOnlyForDeploymentPostprocessing = 0;
		};
/* End PBXSourcesBuildPhase section */

/* Begin PBXVariantGroup section */
		FA475F5F29A4C9A700D53719 /* LaunchScreen.storyboard */ = {
			isa = PBXVariantGroup;
			children = (
				FA475F6029A4C9A700D53719 /* Base */,
			);
			name = LaunchScreen.storyboard;
			sourceTree = "<group>";
		};
/* End PBXVariantGroup section */

/* Begin XCBuildConfiguration section */
		FA475F6329A4C9A700D53719 /* Debug */ = {
			isa = XCBuildConfiguration;
			buildSettings = {
				ALWAYS_SEARCH_USER_PATHS = NO;
				CLANG_ANALYZER_NONNULL = YES;
				CLANG_ANALYZER_NUMBER_OBJECT_CONVERSION = YES_AGGRESSIVE;
				CLANG_CXX_LANGUAGE_STANDARD = "gnu++20";
				CLANG_ENABLE_MODULES = YES;
				CLANG_ENABLE_OBJC_ARC = YES;
				CLANG_ENABLE_OBJC_WEAK = YES;
				CLANG_WARN_BLOCK_CAPTURE_AUTORELEASING = YES;
				CLANG_WARN_BOOL_CONVERSION = YES;
				CLANG_WARN_COMMA = YES;
				CLANG_WARN_CONSTANT_CONVERSION = YES;
				CLANG_WARN_DEPRECATED_OBJC_IMPLEMENTATIONS = YES;
				CLANG_WARN_DIRECT_OBJC_ISA_USAGE = YES_ERROR;
				CLANG_WARN_DOCUMENTATION_COMMENTS = YES;
				CLANG_WARN_EMPTY_BODY = YES;
				CLANG_WARN_ENUM_CONVERSION = YES;
				CLANG_WARN_INFINITE_RECURSION = YES;
				CLANG_WARN_INT_CONVERSION = YES;
				CLANG_WARN_NON_LITERAL_NULL_CONVERSION = YES;
				CLANG_WARN_OBJC_IMPLICIT_RETAIN_SELF = YES;
				CLANG_WARN_OBJC_LITERAL_CONVERSION = YES;
				CLANG_WARN_OBJC_ROOT_CLASS = YES_ERROR;
				CLANG_WARN_QUOTED_INCLUDE_IN_FRAMEWORK_HEADER = YES;
				CLANG_WARN_RANGE_LOOP_ANALYSIS = YES;
				CLANG_WARN_STRICT_PROTOTYPES = YES;
				CLANG_WARN_SUSPICIOUS_MOVE = YES;
				CLANG_WARN_UNGUARDED_AVAILABILITY = YES_AGGRESSIVE;
				CLANG_WARN_UNREACHABLE_CODE = YES;
				CLANG_WARN__DUPLICATE_METHOD_MATCH = YES;
				COPY_PHASE_STRIP = NO;
				DEBUG_INFORMATION_FORMAT = dwarf;
				ENABLE_STRICT_OBJC_MSGSEND = YES;
				ENABLE_TESTABILITY = YES;
				GCC_C_LANGUAGE_STANDARD = gnu11;
				GCC_DYNAMIC_NO_PIC = NO;
				GCC_NO_COMMON_BLOCKS = YES;
				GCC_OPTIMIZATION_LEVEL = 0;
				GCC_PREPROCESSOR_DEFINITIONS = (
					"DEBUG=1",
					"$(inherited)",
				);
				GCC_WARN_64_TO_32_BIT_CONVERSION = YES;
				GCC_WARN_ABOUT_RETURN_TYPE = YES_ERROR;
				GCC_WARN_UNDECLARED_SELECTOR = YES;
				GCC_WARN_UNINITIALIZED_AUTOS = YES_AGGRESSIVE;
				GCC_WARN_UNUSED_FUNCTION = YES;
				GCC_WARN_UNUSED_VARIABLE = YES;
				IPHONEOS_DEPLOYMENT_TARGET = 16.2;
				MTL_ENABLE_DEBUG_INFO = INCLUDE_SOURCE;
				MTL_FAST_MATH = YES;
				ONLY_ACTIVE_ARCH = YES;
				SDKROOT = iphoneos;
				SWIFT_ACTIVE_COMPILATION_CONDITIONS = DEBUG;
				SWIFT_OPTIMIZATION_LEVEL = "-Onone";
			};
			name = Debug;
		};
		FA475F6429A4C9A700D53719 /* Release */ = {
			isa = XCBuildConfiguration;
			buildSettings = {
				ALWAYS_SEARCH_USER_PATHS = NO;
				CLANG_ANALYZER_NONNULL = YES;
				CLANG_ANALYZER_NUMBER_OBJECT_CONVERSION = YES_AGGRESSIVE;
				CLANG_CXX_LANGUAGE_STANDARD = "gnu++20";
				CLANG_ENABLE_MODULES = YES;
				CLANG_ENABLE_OBJC_ARC = YES;
				CLANG_ENABLE_OBJC_WEAK = YES;
				CLANG_WARN_BLOCK_CAPTURE_AUTORELEASING = YES;
				CLANG_WARN_BOOL_CONVERSION = YES;
				CLANG_WARN_COMMA = YES;
				CLANG_WARN_CONSTANT_CONVERSION = YES;
				CLANG_WARN_DEPRECATED_OBJC_IMPLEMENTATIONS = YES;
				CLANG_WARN_DIRECT_OBJC_ISA_USAGE = YES_ERROR;
				CLANG_WARN_DOCUMENTATION_COMMENTS = YES;
				CLANG_WARN_EMPTY_BODY = YES;
				CLANG_WARN_ENUM_CONVERSION = YES;
				CLANG_WARN_INFINITE_RECURSION = YES;
				CLANG_WARN_INT_CONVERSION = YES;
				CLANG_WARN_NON_LITERAL_NULL_CONVERSION = YES;
				CLANG_WARN_OBJC_IMPLICIT_RETAIN_SELF = YES;
				CLANG_WARN_OBJC_LITERAL_CONVERSION = YES;
				CLANG_WARN_OBJC_ROOT_CLASS = YES_ERROR;
				CLANG_WARN_QUOTED_INCLUDE_IN_FRAMEWORK_HEADER = YES;
				CLANG_WARN_RANGE_LOOP_ANALYSIS = YES;
				CLANG_WARN_STRICT_PROTOTYPES = YES;
				CLANG_WARN_SUSPICIOUS_MOVE = YES;
				CLANG_WARN_UNGUARDED_AVAILABILITY = YES_AGGRESSIVE;
				CLANG_WARN_UNREACHABLE_CODE = YES;
				CLANG_WARN__DUPLICATE_METHOD_MATCH = YES;
				COPY_PHASE_STRIP = NO;
				DEBUG_INFORMATION_FORMAT = "dwarf-with-dsym";
				ENABLE_NS_ASSERTIONS = NO;
				ENABLE_STRICT_OBJC_MSGSEND = YES;
				GCC_C_LANGUAGE_STANDARD = gnu11;
				GCC_NO_COMMON_BLOCKS = YES;
				GCC_WARN_64_TO_32_BIT_CONVERSION = YES;
				GCC_WARN_ABOUT_RETURN_TYPE = YES_ERROR;
				GCC_WARN_UNDECLARED_SELECTOR = YES;
				GCC_WARN_UNINITIALIZED_AUTOS = YES_AGGRESSIVE;
				GCC_WARN_UNUSED_FUNCTION = YES;
				GCC_WARN_UNUSED_VARIABLE = YES;
				IPHONEOS_DEPLOYMENT_TARGET = 16.2;
				MTL_ENABLE_DEBUG_INFO = NO;
				MTL_FAST_MATH = YES;
				SDKROOT = iphoneos;
				SWIFT_COMPILATION_MODE = wholemodule;
				SWIFT_OPTIMIZATION_LEVEL = "-O";
				VALIDATE_PRODUCT = YES;
			};
			name = Release;
		};
		FA475F6629A4C9A700D53719 /* Debug */ = {
			isa = XCBuildConfiguration;
			buildSettings = {
				ASSETCATALOG_COMPILER_APPICON_NAME = AppIcon;
				ASSETCATALOG_COMPILER_GLOBAL_ACCENT_COLOR_NAME = AccentColor;
				CODE_SIGN_STYLE = Automatic;
				CURRENT_PROJECT_VERSION = 1;
				DEVELOPMENT_TEAM = R69PDMF4Z6;
				GENERATE_INFOPLIST_FILE = YES;
				INFOPLIST_FILE = SoftWeatherTest/Info.plist;
				INFOPLIST_KEY_UIApplicationSupportsIndirectInputEvents = YES;
				INFOPLIST_KEY_UILaunchStoryboardName = LaunchScreen;
				INFOPLIST_KEY_UISupportedInterfaceOrientations_iPad = "UIInterfaceOrientationPortrait UIInterfaceOrientationPortraitUpsideDown UIInterfaceOrientationLandscapeLeft UIInterfaceOrientationLandscapeRight";
				INFOPLIST_KEY_UISupportedInterfaceOrientations_iPhone = "UIInterfaceOrientationPortrait UIInterfaceOrientationLandscapeLeft UIInterfaceOrientationLandscapeRight";
				LD_RUNPATH_SEARCH_PATHS = (
					"$(inherited)",
					"@executable_path/Frameworks",
				);
				MARKETING_VERSION = 1.0;
				PRODUCT_BUNDLE_IDENTIFIER = com.roma.SoftWeatherTest;
				PRODUCT_NAME = "$(TARGET_NAME)";
				SWIFT_EMIT_LOC_STRINGS = YES;
				SWIFT_VERSION = 5.0;
				TARGETED_DEVICE_FAMILY = "1,2";
			};
			name = Debug;
		};
		FA475F6729A4C9A700D53719 /* Release */ = {
			isa = XCBuildConfiguration;
			buildSettings = {
				ASSETCATALOG_COMPILER_APPICON_NAME = AppIcon;
				ASSETCATALOG_COMPILER_GLOBAL_ACCENT_COLOR_NAME = AccentColor;
				CODE_SIGN_STYLE = Automatic;
				CURRENT_PROJECT_VERSION = 1;
				DEVELOPMENT_TEAM = R69PDMF4Z6;
				GENERATE_INFOPLIST_FILE = YES;
				INFOPLIST_FILE = SoftWeatherTest/Info.plist;
				INFOPLIST_KEY_UIApplicationSupportsIndirectInputEvents = YES;
				INFOPLIST_KEY_UILaunchStoryboardName = LaunchScreen;
				INFOPLIST_KEY_UISupportedInterfaceOrientations_iPad = "UIInterfaceOrientationPortrait UIInterfaceOrientationPortraitUpsideDown UIInterfaceOrientationLandscapeLeft UIInterfaceOrientationLandscapeRight";
				INFOPLIST_KEY_UISupportedInterfaceOrientations_iPhone = "UIInterfaceOrientationPortrait UIInterfaceOrientationLandscapeLeft UIInterfaceOrientationLandscapeRight";
				LD_RUNPATH_SEARCH_PATHS = (
					"$(inherited)",
					"@executable_path/Frameworks",
				);
				MARKETING_VERSION = 1.0;
				PRODUCT_BUNDLE_IDENTIFIER = com.roma.SoftWeatherTest;
				PRODUCT_NAME = "$(TARGET_NAME)";
				SWIFT_EMIT_LOC_STRINGS = YES;
				SWIFT_VERSION = 5.0;
				TARGETED_DEVICE_FAMILY = "1,2";
			};
			name = Release;
		};
/* End XCBuildConfiguration section */

/* Begin XCConfigurationList section */
		FA475F4C29A4C9A500D53719 /* Build configuration list for PBXProject "SoftWeatherTest" */ = {
			isa = XCConfigurationList;
			buildConfigurations = (
				FA475F6329A4C9A700D53719 /* Debug */,
				FA475F6429A4C9A700D53719 /* Release */,
			);
			defaultConfigurationIsVisible = 0;
			defaultConfigurationName = Release;
		};
		FA475F6529A4C9A700D53719 /* Build configuration list for PBXNativeTarget "SoftWeatherTest" */ = {
			isa = XCConfigurationList;
			buildConfigurations = (
				FA475F6629A4C9A700D53719 /* Debug */,
				FA475F6729A4C9A700D53719 /* Release */,
			);
			defaultConfigurationIsVisible = 0;
			defaultConfigurationName = Release;
		};
/* End XCConfigurationList section */
	};
	rootObject = FA475F4929A4C9A500D53719 /* Project object */;
}
